
Microsoft Visual Studio Solution File, Format Version 12.00
# Visual Studio Version 17
VisualStudioVersion = 17.9.34902.65
MinimumVisualStudioVersion = 10.0.40219.1
Project("{FAE04EC0-301F-11D3-BF4B-00C04F79EFBC}") = "MobileStoreManagement", "MobileStoreManagement\MobileStoreManagement.csproj", "{CAE9A3F6-99AE-431B-AE05-A99AB8B6DD77}"
EndProject
Global
	GlobalSection(SolutionConfigurationPlatforms) = preSolution
		Debug|Any CPU = Debug|Any CPU
		Release|Any CPU = Release|Any CPU
	EndGlobalSection
	GlobalSection(ProjectConfigurationPlatforms) = postSolution
		{CAE9A3F6-99AE-431B-AE05-A99AB8B6DD77}.Debug|Any CPU.ActiveCfg = Debug|Any CPU
		{CAE9A3F6-99AE-431B-AE05-A99AB8B6DD77}.Debug|Any CPU.Build.0 = Debug|Any CPU
		{CAE9A3F6-99AE-431B-AE05-A99AB8B6DD77}.Release|Any CPU.ActiveCfg = Release|Any CPU
		{CAE9A3F6-99AE-431B-AE05-A99AB8B6DD77}.Release|Any CPU.Build.0 = Release|Any CPU
	EndGlobalSection
	GlobalSection(SolutionProperties) = preSolution
		HideSolutionNode = FALSE
	EndGlobalSection
	GlobalSection(ExtensibilityGlobals) = postSolution
		SolutionGuid = {33642D09-787D-4594-B4E8-C7241BC9235C}
	EndGlobalSection
EndGlobal
